{
  "version": "5",
  "specifiers": {
    "jsr:@std/bytes@^1.0.3": "1.0.4",
    "jsr:@std/cli@*": "1.0.23",
    "jsr:@std/csv@*": "1.0.4",
    "jsr:@std/streams@*": "1.0.8",
    "jsr:@std/streams@^1.0.8": "1.0.8"
  },
  "jsr": {
    "@std/bytes@1.0.4": {
      "integrity": "11a0debe522707c95c7b7ef89b478c13fb1583a7cfb9a85674cd2cc2e3a28abc"
    },
    "@std/cli@1.0.23": {
      "integrity": "bf95b7a9425ba2af1ae5a6359daf58c508f2decf711a76ed2993cd352498ccca"
    },
    "@std/csv@1.0.4": {
      "integrity": "aa351de654b10b8a407275b61f588863b9538027fd47aed90dd9e7f54ab5bdc0",
      "dependencies": [
        "jsr:@std/streams@^1.0.8"
      ]
    },
    "@std/streams@1.0.8": {
      "integrity": "b41332d93d2cf6a82fe4ac2153b930adf1a859392931e2a19d9fabfb6f154fb3",
      "dependencies": [
        "jsr:@std/bytes"
      ]
    }
  },
  "remote": {
    "https://deno.land/std@0.199.0/assert/assert.ts": "9a97dad6d98c238938e7540736b826440ad8c1c1e54430ca4c4e623e585607ee",
    "https://deno.land/std@0.199.0/assert/assertion_error.ts": "4d0bde9b374dfbcbe8ac23f54f567b77024fb67dbb1906a852d67fe050d42f56",
    "https://deno.land/std@0.199.0/bytes/bytes_list.ts": "31d664f4d42fa922066405d0e421c56da89d751886ee77bbe25a88bf0310c9d0",
    "https://deno.land/std@0.199.0/csv/_io.ts": "fbebd1eb6f0b4b874922a0b52d3ace8c1648084872b4a65cc7e59e0353dfdbf9",
    "https://deno.land/std@0.199.0/csv/csv_parse_stream.ts": "122840c0f83907c01cfc7d1f07ed6a5dc4e0efc9840d5acfb7bcf93b6040be3f",
    "https://deno.land/std@0.199.0/csv/csv_stringify_stream.ts": "d2bbec9bbdbf9dacab4b9f7e35d9c2b4f6b0f839d1291755702ae5f60ba3f71e",
    "https://deno.land/std@0.199.0/csv/mod.ts": "7559bf52e32848a55fb0522419167fae9b43b5a23a37d71c858dacb682726ee9",
    "https://deno.land/std@0.199.0/csv/parse.ts": "f37a3484f808d0aa16ca3baefff5ccfd02a5713d9cef30320ae8378f109c9f91",
    "https://deno.land/std@0.199.0/csv/stringify.ts": "f61627b78c1eb970e9af3b16e080a96f521021685878dad5c94d0c108fd3fdc3",
    "https://deno.land/std@0.199.0/streams/_common.ts": "f45cba84f0d813de3326466095539602364a9ba521f804cc758f7a475cda692d",
    "https://deno.land/std@0.199.0/streams/delimiter_stream.ts": "f69e849b3d1f59f02424497273f411105a6f76a9f13da92aeeb9a2d554236814",
    "https://deno.land/std@0.199.0/streams/text_delimiter_stream.ts": "20e680ab8b751390e359288ce764f9c47d164af11a263870746eeca4bc7d976b",
    "https://deno.land/std@0.208.0/assert/assert.ts": "9a97dad6d98c238938e7540736b826440ad8c1c1e54430ca4c4e623e585607ee",
    "https://deno.land/std@0.208.0/assert/assertion_error.ts": "4d0bde9b374dfbcbe8ac23f54f567b77024fb67dbb1906a852d67fe050d42f56",
    "https://deno.land/std@0.208.0/bytes/concat.ts": "d3d420badeb4f26a0f2f3ce343725f937326aff1b4634b25341b12b27353aac4",
    "https://deno.land/std@0.208.0/bytes/copy.ts": "939d89e302a9761dcf1d9c937c7711174ed74c59eef40a1e4569a05c9de88219",
    "https://deno.land/std@0.208.0/io/buffer.ts": "11acaeae3dc0e491a335d82915e09e9f8afd53ecb82562515e5951e78f69b076",
    "https://deno.land/std@0.208.0/streams/_common.ts": "3b2c1f0287ce2ad51fff4091a7d0f48375c85b0ec341468e76d5ac13bb0014dd",
    "https://deno.land/std@0.208.0/streams/buffer.ts": "6cd773d22cf21bb988a98cc551b5abfc4c3b03516f93eaa3fb6f2f6e16032deb",
    "https://deno.land/std@0.208.0/streams/byte_slice_stream.ts": "c46d7c74836fc8c1a9acd9fe211cbe1bbaaee1b36087c834fb03af4991135c3a",
    "https://deno.land/std@0.208.0/streams/copy.ts": "faa201291ce9116fb1fae9d16b4f033e259fdea437b77404ff5cf742507844e6",
    "https://deno.land/std@0.208.0/streams/delimiter_stream.ts": "af7aab15d830636265c998ca330576edb6a50959fec1949d2fa57ef8dda299d2",
    "https://deno.land/std@0.208.0/streams/early_zip_readable_streams.ts": "4005fa74162b943f79899e5d7cb96adcbc0a6b867f9144974ed12d30e0a556e1",
    "https://deno.land/std@0.208.0/streams/iterate_reader.ts": "d6b2770f8ee27fb1c1e2c5a3c66451647f6fb5371534c78bef2ce614d60568d8",
    "https://deno.land/std@0.208.0/streams/limited_bytes_transform_stream.ts": "05dc592ffaab83257494d22dd53917e56243c26e5e3129b3f13ddbbbc4785048",
    "https://deno.land/std@0.208.0/streams/limited_transform_stream.ts": "d69ab790232c1b86f53621ad41ef03c235f2abb4b7a1cd51960ad6e12ee55e38",
    "https://deno.land/std@0.208.0/streams/merge_readable_streams.ts": "22963b9bbec8d000d9613db859002768e013fd731cafd55942dc0120d03e7b5d",
    "https://deno.land/std@0.208.0/streams/mod.ts": "e133c271474f1e9dc19f5c4959406f5c2101540c56a3e7d7abc6bdb7bcef807e",
    "https://deno.land/std@0.208.0/streams/read_all.ts": "64bfb842f4047f81d977dead27b6e5a9faaba17c8f1c30066284553dcfc13171",
    "https://deno.land/std@0.208.0/streams/readable_stream_from_reader.ts": "c28abb70a35c683f522b6bd43d39c272db33d86d874c59e728e26f270956b773",
    "https://deno.land/std@0.208.0/streams/reader_from_iterable.ts": "4fd184770b3756987b97c7718df3f5c4a2828b50e1cdc33111827d640dca6366",
    "https://deno.land/std@0.208.0/streams/reader_from_stream_reader.ts": "6fb8852fdd9775ce940a4facf6e265f1f233cc3b90f6d064b1556f6b0ef3d18b",
    "https://deno.land/std@0.208.0/streams/text_delimiter_stream.ts": "f0dc8ff953a8a77f0d1fa8db1fee62de817f36e20d79b00b1362847e30fbdd90",
    "https://deno.land/std@0.208.0/streams/text_line_stream.ts": "4958525688593d20c1c439a006dabd64881736bff642744ca060b2c34b40c240",
    "https://deno.land/std@0.208.0/streams/to_array_buffer.ts": "31b0729f6527054760a3758e84d6d646eac0f7f586204a81824c3eb7728ce836",
    "https://deno.land/std@0.208.0/streams/to_blob.ts": "4cf929b3ffe5d4dbe445d572246159ee2eebf69e998a0ba867b9048fb6e92797",
    "https://deno.land/std@0.208.0/streams/to_json.ts": "10635fac9826392bb8e70bc8354d3beb1058fa1676aa9b6f98257a0d5575f520",
    "https://deno.land/std@0.208.0/streams/to_text.ts": "4018b5f7a0e7ab28d6957c239e401f8b534ef326b7ebd282ca76b3cd55380aab",
    "https://deno.land/std@0.208.0/streams/to_transform_stream.ts": "50af06140c414090df8c3879f46bed4043a5d73caa60352c0c9682a88ec7a8c9",
    "https://deno.land/std@0.208.0/streams/writable_stream_from_writer.ts": "057bdfc6c08e34a8a86e2d61efe7354a8a0976260cd1437de8b7e64bcefaa9b9",
    "https://deno.land/std@0.208.0/streams/write_all.ts": "8fc9525c16eb60eb851274d4693ecd35c2177620239fbdfa8f5aacb32702f2cb",
    "https://deno.land/std@0.208.0/streams/writer_from_stream_writer.ts": "71d7a26f2a2b955794a7318856ad64d9eade36467d930b40698d3d5bfb0ce3b4",
    "https://deno.land/std@0.208.0/streams/zip_readable_streams.ts": "721c5bce8862c8225e60995b2d61c7b1b1d5b5178b60d303a01f453d5c26bb62"
  },
  "workspace": {
    "packageJson": {
      "dependencies": [
        "npm:prettier@^3.4.2"
      ]
    }
  }
}
